
Microsoft Visual Studio Solution File, Format Version 12.00
# Visual Studio Version 17
VisualStudioVersion = 17.8.34525.116
MinimumVisualStudioVersion = 10.0.40219.1
Project("{FAE04EC0-301F-11D3-BF4B-00C04F79EFBC}") = "WebAPI", "PRN231_IOT\WebAPI.csproj", "{60732FF0-B46C-4A8F-900C-AE1572F0FABF}"
EndProject
Project("{9A19103F-16F7-4668-BE54-9A1E7A4F7556}") = "BusinessObject", "BusinessObject\BusinessObject.csproj", "{187CDD70-D330-4B0A-9FA2-37B669E4B734}"
EndProject
Project("{9A19103F-16F7-4668-BE54-9A1E7A4F7556}") = "Repository", "Repository\Repository.csproj", "{DCAB3868-41B7-4112-8E27-D8E51CD01406}"
EndProject
Project("{2150E333-8FDC-42A3-9474-1A3956D46DE8}") = "Solution Items", "Solution Items", "{16B6E68E-14FE-482C-87F0-C64515AC345C}"
EndProject
Project("{9A19103F-16F7-4668-BE54-9A1E7A4F7556}") = "Service", "Service\Service.csproj", "{D1F1DF1F-19C6-4CA4-83B0-54DBC16DB39F}"
EndProject
Global
	GlobalSection(SolutionConfigurationPlatforms) = preSolution
		Debug|Any CPU = Debug|Any CPU
		Release|Any CPU = Release|Any CPU
	EndGlobalSection
	GlobalSection(ProjectConfigurationPlatforms) = postSolution
		{60732FF0-B46C-4A8F-900C-AE1572F0FABF}.Debug|Any CPU.ActiveCfg = Debug|Any CPU
		{60732FF0-B46C-4A8F-900C-AE1572F0FABF}.Debug|Any CPU.Build.0 = Debug|Any CPU
		{60732FF0-B46C-4A8F-900C-AE1572F0FABF}.Release|Any CPU.ActiveCfg = Release|Any CPU
		{60732FF0-B46C-4A8F-900C-AE1572F0FABF}.Release|Any CPU.Build.0 = Release|Any CPU
		{187CDD70-D330-4B0A-9FA2-37B669E4B734}.Debug|Any CPU.ActiveCfg = Debug|Any CPU
		{187CDD70-D330-4B0A-9FA2-37B669E4B734}.Debug|Any CPU.Build.0 = Debug|Any CPU
		{187CDD70-D330-4B0A-9FA2-37B669E4B734}.Release|Any CPU.ActiveCfg = Release|Any CPU
		{187CDD70-D330-4B0A-9FA2-37B669E4B734}.Release|Any CPU.Build.0 = Release|Any CPU
		{DCAB3868-41B7-4112-8E27-D8E51CD01406}.Debug|Any CPU.ActiveCfg = Debug|Any CPU
		{DCAB3868-41B7-4112-8E27-D8E51CD01406}.Debug|Any CPU.Build.0 = Debug|Any CPU
		{DCAB3868-41B7-4112-8E27-D8E51CD01406}.Release|Any CPU.ActiveCfg = Release|Any CPU
		{DCAB3868-41B7-4112-8E27-D8E51CD01406}.Release|Any CPU.Build.0 = Release|Any CPU
		{D1F1DF1F-19C6-4CA4-83B0-54DBC16DB39F}.Debug|Any CPU.ActiveCfg = Debug|Any CPU
		{D1F1DF1F-19C6-4CA4-83B0-54DBC16DB39F}.Debug|Any CPU.Build.0 = Debug|Any CPU
		{D1F1DF1F-19C6-4CA4-83B0-54DBC16DB39F}.Release|Any CPU.ActiveCfg = Release|Any CPU
		{D1F1DF1F-19C6-4CA4-83B0-54DBC16DB39F}.Release|Any CPU.Build.0 = Release|Any CPU
	EndGlobalSection
	GlobalSection(SolutionProperties) = preSolution
		HideSolutionNode = FALSE
	EndGlobalSection
	GlobalSection(ExtensibilityGlobals) = postSolution
		SolutionGuid = {196F441A-EA20-4141-9CB5-1DB260495ABD}
	EndGlobalSection
EndGlobal
